
Microsoft Visual Studio Solution File, Format Version 12.00
# Visual Studio Version 17
VisualStudioVersion = 17.5.33326.253
MinimumVisualStudioVersion = 10.0.40219.1
Project("{FAE04EC0-301F-11D3-BF4B-00C04F79EFBC}") = "WebApiProtobufFormatter", "WebApiProtobufFormatter\WebApiProtobufFormatter.csproj", "{4A8119F2-916A-4057-A7A4-602BA2806D0E}"
EndProject
Global
	GlobalSection(SolutionConfigurationPlatforms) = preSolution
		Debug|Any CPU = Debug|Any CPU
		Release|Any CPU = Release|Any CPU
	EndGlobalSection
	GlobalSection(ProjectConfigurationPlatforms) = postSolution
		{4A8119F2-916A-4057-A7A4-602BA2806D0E}.Debug|Any CPU.ActiveCfg = Release|Any CPU
		{4A8119F2-916A-4057-A7A4-602BA2806D0E}.Debug|Any CPU.Build.0 = Release|Any CPU
		{4A8119F2-916A-4057-A7A4-602BA2806D0E}.Release|Any CPU.ActiveCfg = Release|Any CPU
		{4A8119F2-916A-4057-A7A4-602BA2806D0E}.Release|Any CPU.Build.0 = Release|Any CPU
	EndGlobalSection
	GlobalSection(SolutionProperties) = preSolution
		HideSolutionNode = FALSE
	EndGlobalSection
	GlobalSection(ExtensibilityGlobals) = postSolution
		SolutionGuid = {D411E0C0-D334-4E5A-95A4-F7E121C40328}
	EndGlobalSection
EndGlobal
